
Microsoft Visual Studio Solution File, Format Version 12.00
# Visual Studio Version 16
VisualStudioVersion = 16.0.31410.357
MinimumVisualStudioVersion = 10.0.40219.1
Project("{888888A0-9F3D-457C-B088-3A5042F75D52}") = "обучение3", "обучение3\обучение3.pyproj", "{1BC484CE-DAD9-40CF-958A-B34525B9DA1A}"
EndProject
Global
	GlobalSection(SolutionConfigurationPlatforms) = preSolution
		Debug|Any CPU = Debug|Any CPU
		Release|Any CPU = Release|Any CPU
	EndGlobalSection
	GlobalSection(ProjectConfigurationPlatforms) = postSolution
		{1BC484CE-DAD9-40CF-958A-B34525B9DA1A}.Debug|Any CPU.ActiveCfg = Debug|Any CPU
		{1BC484CE-DAD9-40CF-958A-B34525B9DA1A}.Release|Any CPU.ActiveCfg = Release|Any CPU
	EndGlobalSection
	GlobalSection(SolutionProperties) = preSolution
		HideSolutionNode = FALSE
	EndGlobalSection
	GlobalSection(ExtensibilityGlobals) = postSolution
		SolutionGuid = {47DD419A-9E4D-4316-A068-5E7A7F8CCEEE}
	EndGlobalSection
EndGlobal
