
Microsoft Visual Studio Solution File, Format Version 12.00
# Visual Studio Version 16
VisualStudioVersion = 16.0.31410.357
MinimumVisualStudioVersion = 10.0.40219.1
Project("{888888A0-9F3D-457C-B088-3A5042F75D52}") = "финальная", "финальная\финальная.pyproj", "{1329EC30-F108-42F0-B3CF-AEE490910E4B}"
EndProject
Global
	GlobalSection(SolutionConfigurationPlatforms) = preSolution
		Debug|Any CPU = Debug|Any CPU
		Release|Any CPU = Release|Any CPU
	EndGlobalSection
	GlobalSection(ProjectConfigurationPlatforms) = postSolution
		{1329EC30-F108-42F0-B3CF-AEE490910E4B}.Debug|Any CPU.ActiveCfg = Debug|Any CPU
		{1329EC30-F108-42F0-B3CF-AEE490910E4B}.Release|Any CPU.ActiveCfg = Release|Any CPU
	EndGlobalSection
	GlobalSection(SolutionProperties) = preSolution
		HideSolutionNode = FALSE
	EndGlobalSection
	GlobalSection(ExtensibilityGlobals) = postSolution
		SolutionGuid = {DF111C9E-0D0C-4AB4-9307-DA5D7CF7F730}
	EndGlobalSection
EndGlobal
