
Microsoft Visual Studio Solution File, Format Version 12.00
# Visual Studio Version 16
VisualStudioVersion = 16.0.31410.357
MinimumVisualStudioVersion = 10.0.40219.1
Project("{888888A0-9F3D-457C-B088-3A5042F75D52}") = "test2", "test2\test2.pyproj", "{09416047-0DBE-4517-98BD-C17FBACBC7B5}"
EndProject
Global
	GlobalSection(SolutionConfigurationPlatforms) = preSolution
		Debug|Any CPU = Debug|Any CPU
		Release|Any CPU = Release|Any CPU
	EndGlobalSection
	GlobalSection(ProjectConfigurationPlatforms) = postSolution
		{09416047-0DBE-4517-98BD-C17FBACBC7B5}.Debug|Any CPU.ActiveCfg = Debug|Any CPU
		{09416047-0DBE-4517-98BD-C17FBACBC7B5}.Release|Any CPU.ActiveCfg = Release|Any CPU
	EndGlobalSection
	GlobalSection(SolutionProperties) = preSolution
		HideSolutionNode = FALSE
	EndGlobalSection
	GlobalSection(ExtensibilityGlobals) = postSolution
		SolutionGuid = {C84C983B-4AC0-42E0-9184-46DB67E9BEE0}
	EndGlobalSection
EndGlobal
