
Microsoft Visual Studio Solution File, Format Version 12.00
# Visual Studio Version 16
VisualStudioVersion = 16.0.31410.357
MinimumVisualStudioVersion = 10.0.40219.1
Project("{888888A0-9F3D-457C-B088-3A5042F75D52}") = "тест", "тест\тест.pyproj", "{9FD701CE-82B7-40D6-8877-C61E3AB97DA6}"
EndProject
Global
	GlobalSection(SolutionConfigurationPlatforms) = preSolution
		Debug|Any CPU = Debug|Any CPU
		Release|Any CPU = Release|Any CPU
	EndGlobalSection
	GlobalSection(ProjectConfigurationPlatforms) = postSolution
		{9FD701CE-82B7-40D6-8877-C61E3AB97DA6}.Debug|Any CPU.ActiveCfg = Debug|Any CPU
		{9FD701CE-82B7-40D6-8877-C61E3AB97DA6}.Release|Any CPU.ActiveCfg = Release|Any CPU
	EndGlobalSection
	GlobalSection(SolutionProperties) = preSolution
		HideSolutionNode = FALSE
	EndGlobalSection
	GlobalSection(ExtensibilityGlobals) = postSolution
		SolutionGuid = {554FA3F0-D3C7-41D3-A3FF-BF8A4C1C7E98}
	EndGlobalSection
EndGlobal
